
Microsoft Visual Studio Solution File, Format Version 12.00
# Visual Studio Version 16
VisualStudioVersion = 16.0.31702.278
MinimumVisualStudioVersion = 10.0.40219.1
Project("{FAE04EC0-301F-11D3-BF4B-00C04F79EFBC}") = "Code_mau_kt2", "Code_mau_kt2.csproj", "{04BFAB83-A713-452F-972D-2D3126292C26}"
EndProject
Global
	GlobalSection(SolutionConfigurationPlatforms) = preSolution
		Debug|Any CPU = Debug|Any CPU
		Release|Any CPU = Release|Any CPU
	EndGlobalSection
	GlobalSection(ProjectConfigurationPlatforms) = postSolution
		{04BFAB83-A713-452F-972D-2D3126292C26}.Debug|Any CPU.ActiveCfg = Debug|Any CPU
		{04BFAB83-A713-452F-972D-2D3126292C26}.Debug|Any CPU.Build.0 = Debug|Any CPU
		{04BFAB83-A713-452F-972D-2D3126292C26}.Release|Any CPU.ActiveCfg = Release|Any CPU
		{04BFAB83-A713-452F-972D-2D3126292C26}.Release|Any CPU.Build.0 = Release|Any CPU
	EndGlobalSection
	GlobalSection(SolutionProperties) = preSolution
		HideSolutionNode = FALSE
	EndGlobalSection
	GlobalSection(ExtensibilityGlobals) = postSolution
		SolutionGuid = {A7752CF2-F772-478E-AE74-07CA1EB4A771}
	EndGlobalSection
EndGlobal
